{
  "version": 4,
  "terraform_version": "0.15.3",
  "serial": 21,
  "lineage": "3f5079cd-1e32-c7d1-13e5-dae20058e569",
  "outputs": {},
  "resources": [
    {
      "mode": "data",
      "type": "aws_vpc",
      "name": "default",
      "provider": "provider[\"registry.terraform.io/hashicorp/aws\"]",
      "instances": [
        {
          "schema_version": 0,
          "attributes": {
            "arn": "arn:aws:ec2:us-east-1:560532546130:vpc/vpc-f6a9d88b",
            "cidr_block": "172.31.0.0/16",
            "cidr_block_associations": [
              {
                "association_id": "vpc-cidr-assoc-b9d795d6",
                "cidr_block": "172.31.0.0/16",
                "state": "associated"
              }
            ],
            "default": true,
            "dhcp_options_id": "dopt-e5fcee9f",
            "enable_dns_hostnames": true,
            "enable_dns_support": true,
            "filter": null,
            "id": "vpc-f6a9d88b",
            "instance_tenancy": "default",
            "ipv6_association_id": null,
            "ipv6_cidr_block": null,
            "main_route_table_id": "rtb-59bf4028",
            "owner_id": "560532546130",
            "state": "available",
            "tags": {}
          },
          "sensitive_attributes": []
        }
      ]
    },
    {
      "mode": "data",
      "type": "ct_config",
      "name": "config",
      "provider": "provider[\"registry.terraform.io/poseidon/ct\"]",
      "instances": [
        {
          "schema_version": 0,
          "attributes": {
            "content": "variant: fcos\nversion: 1.2.0\npasswd:\n  users:\n  - name: core\n    ssh_authorized_keys:\n    - ssh-rsa AAAAB3NzaC1yc2EAAAADAQABAAABgQDIdKMVcX+wox8uqbESaXoRgHO1UkbBJJw4oADonkZp5C01IZpus5xywHao16xyaSJe3Ii4AD1wQQ9cW9y0n2o56dhuSlnAY1CRZJm7lrMw5uqQlc/jHJ8IVZA5okL/qXrt5NrvA4cuKXz23liarHfJbLWLYCtMadpD2Yf5Z7nT14ofaHS3xmmTMKQV8wUyPgifZbdu7W20QyWxusQlGlS3XSwHqGsqzSms+wE1j8d1gBAJQ1UbxP72KWgsIONn/2VT43latNIr3RuY6u9QWr79c79ZPi5rn3a+/VLi6AXaU2dddYti3BsHVR+TiCU6gUN8fpVHdjaSexpaVTtwXqn53SVHvnAOMKJSEWF0kfYdvH72ewBzRdMZNqmXnNQfsxTOizh+HjyGdWhUJoapo+f2dFmTAKxhO8RPUuwC6OhpwEGiQd5ZhHjjj5EpkOydIKpwHugCh36bXuP56xto6Ggb/j5OWiQekS0f2/CE8SxyhM4zuaaM6WAI3fVjoyNyf5E= instance_key\n\n    groups:\n      - docker\n",
            "id": "2445565656",
            "platform": null,
            "pretty_print": false,
            "rendered": "{\"ignition\":{\"version\":\"3.2.0\"},\"passwd\":{\"users\":[{\"groups\":[\"docker\"],\"name\":\"core\",\"sshAuthorizedKeys\":[\"ssh-rsa AAAAB3NzaC1yc2EAAAADAQABAAABgQDIdKMVcX+wox8uqbESaXoRgHO1UkbBJJw4oADonkZp5C01IZpus5xywHao16xyaSJe3Ii4AD1wQQ9cW9y0n2o56dhuSlnAY1CRZJm7lrMw5uqQlc/jHJ8IVZA5okL/qXrt5NrvA4cuKXz23liarHfJbLWLYCtMadpD2Yf5Z7nT14ofaHS3xmmTMKQV8wUyPgifZbdu7W20QyWxusQlGlS3XSwHqGsqzSms+wE1j8d1gBAJQ1UbxP72KWgsIONn/2VT43latNIr3RuY6u9QWr79c79ZPi5rn3a+/VLi6AXaU2dddYti3BsHVR+TiCU6gUN8fpVHdjaSexpaVTtwXqn53SVHvnAOMKJSEWF0kfYdvH72ewBzRdMZNqmXnNQfsxTOizh+HjyGdWhUJoapo+f2dFmTAKxhO8RPUuwC6OhpwEGiQd5ZhHjjj5EpkOydIKpwHugCh36bXuP56xto6Ggb/j5OWiQekS0f2/CE8SxyhM4zuaaM6WAI3fVjoyNyf5E= instance_key\"]}]}}",
            "snippets": null,
            "strict": true
          },
          "sensitive_attributes": []
        }
      ]
    },
    {
      "mode": "managed",
      "type": "aws_instance",
      "name": "app_server",
      "provider": "provider[\"registry.terraform.io/hashicorp/aws\"]",
      "instances": [
        {
          "schema_version": 1,
          "attributes": {
            "ami": "ami-09e2e5104f310ffb5",
            "arn": "arn:aws:ec2:us-east-1:560532546130:instance/i-085d25d9d8db2ad39",
            "associate_public_ip_address": true,
            "availability_zone": "us-east-1b",
            "capacity_reservation_specification": [
              {
                "capacity_reservation_preference": "open",
                "capacity_reservation_target": []
              }
            ],
            "cpu_core_count": 1,
            "cpu_threads_per_core": 1,
            "credit_specification": [
              {
                "cpu_credits": "standard"
              }
            ],
            "disable_api_termination": false,
            "ebs_block_device": [],
            "ebs_optimized": false,
            "enclave_options": [
              {
                "enabled": false
              }
            ],
            "ephemeral_block_device": [],
            "get_password_data": false,
            "hibernation": false,
            "host_id": null,
            "iam_instance_profile": "",
            "id": "i-085d25d9d8db2ad39",
            "instance_initiated_shutdown_behavior": "stop",
            "instance_state": "running",
            "instance_type": "t2.micro",
            "ipv6_address_count": 0,
            "ipv6_addresses": [],
            "key_name": "",
            "launch_template": [],
            "metadata_options": [
              {
                "http_endpoint": "enabled",
                "http_put_response_hop_limit": 1,
                "http_tokens": "optional"
              }
            ],
            "monitoring": false,
            "network_interface": [],
            "outpost_arn": "",
            "password_data": "",
            "placement_group": "",
            "primary_network_interface_id": "eni-07ea0f8497f220b6d",
            "private_dns": "ip-172-31-33-5.ec2.internal",
            "private_ip": "172.31.33.5",
            "public_dns": "ec2-18-232-118-78.compute-1.amazonaws.com",
            "public_ip": "18.232.118.78",
            "root_block_device": [
              {
                "delete_on_termination": true,
                "device_name": "/dev/xvda",
                "encrypted": false,
                "iops": 100,
                "kms_key_id": "",
                "tags": {},
                "throughput": 0,
                "volume_id": "vol-0e8ecef55854d6abd",
                "volume_size": 10,
                "volume_type": "gp2"
              }
            ],
            "secondary_private_ips": [],
            "security_groups": [
              "ec2_sg-20210813104226252400000001"
            ],
            "source_dest_check": true,
            "subnet_id": "subnet-9f7352c0",
            "tags": {
              "Name": "Study AppServer"
            },
            "tags_all": {
              "Name": "Study AppServer"
            },
            "tenancy": "default",
            "timeouts": null,
            "user_data": "5297956af3bc036dd8711375efe9d947effb0a05",
            "user_data_base64": null,
            "volume_tags": null,
            "vpc_security_group_ids": [
              "sg-0cc7ca3eef1ba9ef6"
            ]
          },
          "sensitive_attributes": [],
          "private": "eyJlMmJmYjczMC1lY2FhLTExZTYtOGY4OC0zNDM2M2JjN2M0YzAiOnsiY3JlYXRlIjo2MDAwMDAwMDAwMDAsImRlbGV0ZSI6MTIwMDAwMDAwMDAwMCwidXBkYXRlIjo2MDAwMDAwMDAwMDB9LCJzY2hlbWFfdmVyc2lvbiI6IjEifQ==",
          "dependencies": [
            "data.aws_vpc.default",
            "data.ct_config.config",
            "module.ec2_sg.aws_security_group.this",
            "module.ec2_sg.aws_security_group.this_name_prefix"
          ]
        }
      ]
    },
    {
      "mode": "managed",
      "type": "docker_container",
      "name": "app",
      "provider": "provider[\"registry.terraform.io/kreuzwerker/docker\"]",
      "instances": [
        {
          "schema_version": 2,
          "attributes": {
            "attach": false,
            "bridge": "",
            "capabilities": [],
            "command": [
              "/bin/sh",
              "-c",
              "bash -c \"bundle exec rackup\""
            ],
            "container_logs": null,
            "cpu_set": "",
            "cpu_shares": 0,
            "destroy_grace_seconds": null,
            "devices": [],
            "dns": null,
            "dns_opts": null,
            "dns_search": null,
            "domainname": "",
            "entrypoint": [],
            "env": [
              "PORT=4000"
            ],
            "exit_code": null,
            "gateway": "172.17.0.1",
            "group_add": null,
            "healthcheck": null,
            "host": [],
            "hostname": "53c92aa33cbf",
            "id": "53c92aa33cbf20894a6bbb9348739a31ec7e7f88049ef9936a34d5eb0a12265d",
            "image": "sha256:952d350c428d000675fc30982436fdc049af95f37d27d01579e03be7229ab63c",
            "init": false,
            "ip_address": "172.17.0.2",
            "ip_prefix_length": 16,
            "ipc_mode": "private",
            "labels": [],
            "links": null,
            "log_driver": "json-file",
            "log_opts": null,
            "logs": false,
            "max_retry_count": 0,
            "memory": 0,
            "memory_swap": 0,
            "mounts": [],
            "must_run": true,
            "name": "app",
            "network_alias": null,
            "network_data": [
              {
                "gateway": "172.17.0.1",
                "global_ipv6_address": "",
                "global_ipv6_prefix_length": 0,
                "ip_address": "172.17.0.2",
                "ip_prefix_length": 16,
                "ipv6_gateway": "",
                "network_name": "bridge"
              }
            ],
            "network_mode": "default",
            "networks": null,
            "networks_advanced": [],
            "pid_mode": "",
            "ports": [
              {
                "external": 80,
                "internal": 4000,
                "ip": "0.0.0.0",
                "protocol": "tcp"
              }
            ],
            "privileged": false,
            "publish_all_ports": false,
            "read_only": false,
            "remove_volumes": true,
            "restart": "no",
            "rm": false,
            "security_opts": [],
            "shm_size": 64,
            "start": true,
            "stdin_open": false,
            "sysctls": null,
            "tmpfs": null,
            "tty": false,
            "ulimit": [],
            "upload": [],
            "user": "",
            "userns_mode": "",
            "volumes": [],
            "working_dir": "/app"
          },
          "sensitive_attributes": [],
          "private": "eyJzY2hlbWFfdmVyc2lvbiI6IjIifQ==",
          "dependencies": [
            "aws_instance.app_server",
            "docker_image.app"
          ]
        }
      ]
    },
    {
      "mode": "managed",
      "type": "docker_image",
      "name": "app",
      "provider": "provider[\"registry.terraform.io/kreuzwerker/docker\"]",
      "instances": [
        {
          "schema_version": 0,
          "attributes": {
            "build": [],
            "force_remove": null,
            "id": "sha256:952d350c428d000675fc30982436fdc049af95f37d27d01579e03be7229ab63cavast/tf-study:amd64",
            "keep_locally": null,
            "latest": "sha256:952d350c428d000675fc30982436fdc049af95f37d27d01579e03be7229ab63c",
            "name": "avast/tf-study:amd64",
            "output": null,
            "pull_trigger": null,
            "pull_triggers": null
          },
          "sensitive_attributes": [],
          "private": "bnVsbA==",
          "dependencies": [
            "aws_instance.app_server",
            "data.aws_vpc.default",
            "data.ct_config.config",
            "module.ec2_sg.aws_security_group.this",
            "module.ec2_sg.aws_security_group.this_name_prefix"
          ]
        }
      ]
    },
    {
      "module": "module.ec2_sg",
      "mode": "managed",
      "type": "aws_security_group",
      "name": "this_name_prefix",
      "provider": "provider[\"registry.terraform.io/hashicorp/aws\"]",
      "instances": [
        {
          "index_key": 0,
          "schema_version": 1,
          "attributes": {
            "arn": "arn:aws:ec2:us-east-1:560532546130:security-group/sg-0cc7ca3eef1ba9ef6",
            "description": "Security group for ec2_sg",
            "egress": [
              {
                "cidr_blocks": [
                  "0.0.0.0/0"
                ],
                "description": "All protocols",
                "from_port": 0,
                "ipv6_cidr_blocks": [
                  "::/0"
                ],
                "prefix_list_ids": [],
                "protocol": "-1",
                "security_groups": [],
                "self": false,
                "to_port": 0
              }
            ],
            "id": "sg-0cc7ca3eef1ba9ef6",
            "ingress": [
              {
                "cidr_blocks": [
                  "0.0.0.0/0"
                ],
                "description": "All IPV4 ICMP",
                "from_port": -1,
                "ipv6_cidr_blocks": [],
                "prefix_list_ids": [],
                "protocol": "icmp",
                "security_groups": [],
                "self": false,
                "to_port": -1
              },
              {
                "cidr_blocks": [
                  "0.0.0.0/0"
                ],
                "description": "HTTP",
                "from_port": 80,
                "ipv6_cidr_blocks": [],
                "prefix_list_ids": [],
                "protocol": "tcp",
                "security_groups": [],
                "self": false,
                "to_port": 80
              },
              {
                "cidr_blocks": [
                  "0.0.0.0/0"
                ],
                "description": "HTTPS",
                "from_port": 443,
                "ipv6_cidr_blocks": [],
                "prefix_list_ids": [],
                "protocol": "tcp",
                "security_groups": [],
                "self": false,
                "to_port": 443
              },
              {
                "cidr_blocks": [
                  "0.0.0.0/0"
                ],
                "description": "SSH",
                "from_port": 22,
                "ipv6_cidr_blocks": [],
                "prefix_list_ids": [],
                "protocol": "tcp",
                "security_groups": [],
                "self": false,
                "to_port": 22
              }
            ],
            "name": "ec2_sg-20210813104226252400000001",
            "name_prefix": "ec2_sg-",
            "owner_id": "560532546130",
            "revoke_rules_on_delete": false,
            "tags": {
              "Name": "ec2_sg"
            },
            "tags_all": {
              "Name": "ec2_sg"
            },
            "timeouts": null,
            "vpc_id": "vpc-f6a9d88b"
          },
          "sensitive_attributes": [],
          "private": "eyJlMmJmYjczMC1lY2FhLTExZTYtOGY4OC0zNDM2M2JjN2M0YzAiOnsiY3JlYXRlIjo2MDAwMDAwMDAwMDAsImRlbGV0ZSI6OTAwMDAwMDAwMDAwfSwic2NoZW1hX3ZlcnNpb24iOiIxIn0=",
          "dependencies": [
            "data.aws_vpc.default"
          ],
          "create_before_destroy": true
        }
      ]
    },
    {
      "module": "module.ec2_sg",
      "mode": "managed",
      "type": "aws_security_group_rule",
      "name": "egress_rules",
      "provider": "provider[\"registry.terraform.io/hashicorp/aws\"]",
      "instances": [
        {
          "index_key": 0,
          "schema_version": 2,
          "attributes": {
            "cidr_blocks": [
              "0.0.0.0/0"
            ],
            "description": "All protocols",
            "from_port": 0,
            "id": "sgrule-2974584681",
            "ipv6_cidr_blocks": [
              "::/0"
            ],
            "prefix_list_ids": [],
            "protocol": "-1",
            "security_group_id": "sg-0cc7ca3eef1ba9ef6",
            "self": false,
            "source_security_group_id": null,
            "to_port": 0,
            "type": "egress"
          },
          "sensitive_attributes": [],
          "private": "eyJzY2hlbWFfdmVyc2lvbiI6IjIifQ==",
          "dependencies": [
            "data.aws_vpc.default",
            "module.ec2_sg.aws_security_group.this",
            "module.ec2_sg.aws_security_group.this_name_prefix"
          ]
        }
      ]
    },
    {
      "module": "module.ec2_sg",
      "mode": "managed",
      "type": "aws_security_group_rule",
      "name": "ingress_rules",
      "provider": "provider[\"registry.terraform.io/hashicorp/aws\"]",
      "instances": [
        {
          "index_key": 0,
          "schema_version": 2,
          "attributes": {
            "cidr_blocks": [
              "0.0.0.0/0"
            ],
            "description": "HTTP",
            "from_port": 80,
            "id": "sgrule-4165662286",
            "ipv6_cidr_blocks": [],
            "prefix_list_ids": [],
            "protocol": "tcp",
            "security_group_id": "sg-0cc7ca3eef1ba9ef6",
            "self": false,
            "source_security_group_id": null,
            "to_port": 80,
            "type": "ingress"
          },
          "sensitive_attributes": [],
          "private": "eyJzY2hlbWFfdmVyc2lvbiI6IjIifQ==",
          "dependencies": [
            "data.aws_vpc.default",
            "module.ec2_sg.aws_security_group.this",
            "module.ec2_sg.aws_security_group.this_name_prefix"
          ]
        },
        {
          "index_key": 1,
          "schema_version": 2,
          "attributes": {
            "cidr_blocks": [
              "0.0.0.0/0"
            ],
            "description": "HTTPS",
            "from_port": 443,
            "id": "sgrule-2617749274",
            "ipv6_cidr_blocks": [],
            "prefix_list_ids": [],
            "protocol": "tcp",
            "security_group_id": "sg-0cc7ca3eef1ba9ef6",
            "self": false,
            "source_security_group_id": null,
            "to_port": 443,
            "type": "ingress"
          },
          "sensitive_attributes": [],
          "private": "eyJzY2hlbWFfdmVyc2lvbiI6IjIifQ==",
          "dependencies": [
            "data.aws_vpc.default",
            "module.ec2_sg.aws_security_group.this",
            "module.ec2_sg.aws_security_group.this_name_prefix"
          ]
        },
        {
          "index_key": 2,
          "schema_version": 2,
          "attributes": {
            "cidr_blocks": [
              "0.0.0.0/0"
            ],
            "description": "All IPV4 ICMP",
            "from_port": -1,
            "id": "sgrule-741774450",
            "ipv6_cidr_blocks": [],
            "prefix_list_ids": [],
            "protocol": "icmp",
            "security_group_id": "sg-0cc7ca3eef1ba9ef6",
            "self": false,
            "source_security_group_id": null,
            "to_port": -1,
            "type": "ingress"
          },
          "sensitive_attributes": [],
          "private": "eyJzY2hlbWFfdmVyc2lvbiI6IjIifQ==",
          "dependencies": [
            "data.aws_vpc.default",
            "module.ec2_sg.aws_security_group.this",
            "module.ec2_sg.aws_security_group.this_name_prefix"
          ]
        },
        {
          "index_key": 3,
          "schema_version": 2,
          "attributes": {
            "cidr_blocks": [
              "0.0.0.0/0"
            ],
            "description": "SSH",
            "from_port": 22,
            "id": "sgrule-1321249787",
            "ipv6_cidr_blocks": [],
            "prefix_list_ids": [],
            "protocol": "tcp",
            "security_group_id": "sg-0cc7ca3eef1ba9ef6",
            "self": false,
            "source_security_group_id": null,
            "to_port": 22,
            "type": "ingress"
          },
          "sensitive_attributes": [],
          "private": "eyJzY2hlbWFfdmVyc2lvbiI6IjIifQ==",
          "dependencies": [
            "data.aws_vpc.default",
            "module.ec2_sg.aws_security_group.this",
            "module.ec2_sg.aws_security_group.this_name_prefix"
          ]
        }
      ]
    }
  ]
}
